
Microsoft Visual Studio Solution File, Format Version 12.00
# Visual Studio Version 17
VisualStudioVersion = 17.8.34525.116
MinimumVisualStudioVersion = 10.0.40219.1
Project("{FAE04EC0-301F-11D3-BF4B-00C04F79EFBC}") = "ContosoUniversity", "ContosoUniversity\ContosoUniversity.csproj", "{819726F4-D571-43B4-8DA4-8851AA1B232A}"
EndProject
Global
	GlobalSection(SolutionConfigurationPlatforms) = preSolution
		Debug|Any CPU = Debug|Any CPU
		Release|Any CPU = Release|Any CPU
	EndGlobalSection
	GlobalSection(ProjectConfigurationPlatforms) = postSolution
		{819726F4-D571-43B4-8DA4-8851AA1B232A}.Debug|Any CPU.ActiveCfg = Debug|Any CPU
		{819726F4-D571-43B4-8DA4-8851AA1B232A}.Debug|Any CPU.Build.0 = Debug|Any CPU
		{819726F4-D571-43B4-8DA4-8851AA1B232A}.Release|Any CPU.ActiveCfg = Release|Any CPU
		{819726F4-D571-43B4-8DA4-8851AA1B232A}.Release|Any CPU.Build.0 = Release|Any CPU
	EndGlobalSection
	GlobalSection(SolutionProperties) = preSolution
		HideSolutionNode = FALSE
	EndGlobalSection
	GlobalSection(ExtensibilityGlobals) = postSolution
		SolutionGuid = {A3EB3BD6-556D-4BF6-90B4-9526299BC6BF}
	EndGlobalSection
EndGlobal
